// !$*UTF8*$!
{
	archiveVersion = 1;
	classes = {
	};
	objectVersion = 46;
	objects = {

/* Begin PBXBuildFile section */
		9219DF031F68F5A100C8F946 /* PhotoManager.swift in Sources */ = {isa = PBXBuildFile; fileRef = 9219DF021F68F5A100C8F946 /* PhotoManager.swift */; };
		9219DF051F69021900C8F946 /* UIKit.framework in Frameworks */ = {isa = PBXBuildFile; fileRef = 9219DF041F69021900C8F946 /* UIKit.framework */; };
		9219DF071F691FF200C8F946 /* SwiftPhotoBrowser.framework in CopyFiles */ = {isa = PBXBuildFile; fileRef = 92E52A721F68CEC600DF0D11 /* SwiftPhotoBrowser.framework */; settings = {ATTRIBUTES = (CodeSignOnCopy, RemoveHeadersOnCopy, ); }; };
		92E52A5C1F68CC2D00DF0D11 /* AppDelegate.swift in Sources */ = {isa = PBXBuildFile; fileRef = 92E52A5B1F68CC2D00DF0D11 /* AppDelegate.swift */; };
		92E52A5E1F68CC2D00DF0D11 /* ViewController.swift in Sources */ = {isa = PBXBuildFile; fileRef = 92E52A5D1F68CC2D00DF0D11 /* ViewController.swift */; };
		92E52A611F68CC2D00DF0D11 /* Main.storyboard in Resources */ = {isa = PBXBuildFile; fileRef = 92E52A5F1F68CC2D00DF0D11 /* Main.storyboard */; };
		92E52A631F68CC2D00DF0D11 /* Assets.xcassets in Resources */ = {isa = PBXBuildFile; fileRef = 92E52A621F68CC2D00DF0D11 /* Assets.xcassets */; };
		92E52A661F68CC2D00DF0D11 /* LaunchScreen.storyboard in Resources */ = {isa = PBXBuildFile; fileRef = 92E52A641F68CC2D00DF0D11 /* LaunchScreen.storyboard */; };
		92E52A761F68CEC700DF0D11 /* SwiftPhotoBrowser.h in Headers */ = {isa = PBXBuildFile; fileRef = 92E52A741F68CEC600DF0D11 /* SwiftPhotoBrowser.h */; settings = {ATTRIBUTES = (Public, ); }; };
		92E52A791F68CEC700DF0D11 /* SwiftPhotoBrowser.framework in Frameworks */ = {isa = PBXBuildFile; fileRef = 92E52A721F68CEC600DF0D11 /* SwiftPhotoBrowser.framework */; settings = {ATTRIBUTES = (Weak, ); }; };
		92E52A7A1F68CEC700DF0D11 /* SwiftPhotoBrowser.framework in Embed Frameworks */ = {isa = PBXBuildFile; fileRef = 92E52A721F68CEC600DF0D11 /* SwiftPhotoBrowser.framework */; settings = {ATTRIBUTES = (CodeSignOnCopy, RemoveHeadersOnCopy, ); }; };
		92E52A801F68D93900DF0D11 /* Album.swift in Sources */ = {isa = PBXBuildFile; fileRef = 92E52A7F1F68D93900DF0D11 /* Album.swift */; };
		92E52A821F68DAFF00DF0D11 /* Photo.swift in Sources */ = {isa = PBXBuildFile; fileRef = 92E52A811F68DAFF00DF0D11 /* Photo.swift */; };
		F78C014588210F78C7B0415A /* Pods_SwiftPhotoBrowser.framework in Frameworks */ = {isa = PBXBuildFile; fileRef = 1BA164D843674D6CFBF2A504 /* Pods_SwiftPhotoBrowser.framework */; };
/* End PBXBuildFile section */

/* Begin PBXContainerItemProxy section */
		92E52A771F68CEC700DF0D11 /* PBXContainerItemProxy */ = {
			isa = PBXContainerItemProxy;
			containerPortal = 92E52A501F68CC2D00DF0D11 /* Project object */;
			proxyType = 1;
			remoteGlobalIDString = 92E52A711F68CEC600DF0D11;
			remoteInfo = SwiftPhotoBrowser;
		};
/* End PBXContainerItemProxy section */

/* Begin PBXCopyFilesBuildPhase section */
		9219DF061F691FD400C8F946 /* CopyFiles */ = {
			isa = PBXCopyFilesBuildPhase;
			buildActionMask = 2147483647;
			dstPath = "";
			dstSubfolderSpec = 10;
			files = (
				9219DF071F691FF200C8F946 /* SwiftPhotoBrowser.framework in CopyFiles */,
			);
			runOnlyForDeploymentPostprocessing = 0;
		};
		92E52A7E1F68CEC700DF0D11 /* Embed Frameworks */ = {
			isa = PBXCopyFilesBuildPhase;
			buildActionMask = 2147483647;
			dstPath = "";
			dstSubfolderSpec = 10;
			files = (
				92E52A7A1F68CEC700DF0D11 /* SwiftPhotoBrowser.framework in Embed Frameworks */,
			);
			name = "Embed Frameworks";
			runOnlyForDeploymentPostprocessing = 0;
		};
/* End PBXCopyFilesBuildPhase section */

/* Begin PBXFileReference section */
		10EAA0002F27C6D76091E9A0 /* Pods-SwiftPhotoBrowser.debug.xcconfig */ = {isa = PBXFileReference; includeInIndex = 1; lastKnownFileType = text.xcconfig; name = "Pods-SwiftPhotoBrowser.debug.xcconfig"; path = "Pods/Target Support Files/Pods-SwiftPhotoBrowser/Pods-SwiftPhotoBrowser.debug.xcconfig"; sourceTree = "<group>"; };
		1BA164D843674D6CFBF2A504 /* Pods_SwiftPhotoBrowser.framework */ = {isa = PBXFileReference; explicitFileType = wrapper.framework; includeInIndex = 0; path = Pods_SwiftPhotoBrowser.framework; sourceTree = BUILT_PRODUCTS_DIR; };
		9219DF021F68F5A100C8F946 /* PhotoManager.swift */ = {isa = PBXFileReference; fileEncoding = 4; lastKnownFileType = sourcecode.swift; path = PhotoManager.swift; sourceTree = "<group>"; };
		9219DF041F69021900C8F946 /* UIKit.framework */ = {isa = PBXFileReference; lastKnownFileType = wrapper.framework; name = UIKit.framework; path = System/Library/Frameworks/UIKit.framework; sourceTree = SDKROOT; };
		92E52A581F68CC2D00DF0D11 /* SwiftPhotoBrowserDemo.app */ = {isa = PBXFileReference; explicitFileType = wrapper.application; includeInIndex = 0; path = SwiftPhotoBrowserDemo.app; sourceTree = BUILT_PRODUCTS_DIR; };
		92E52A5B1F68CC2D00DF0D11 /* AppDelegate.swift */ = {isa = PBXFileReference; lastKnownFileType = sourcecode.swift; path = AppDelegate.swift; sourceTree = "<group>"; };
		92E52A5D1F68CC2D00DF0D11 /* ViewController.swift */ = {isa = PBXFileReference; lastKnownFileType = sourcecode.swift; path = ViewController.swift; sourceTree = "<group>"; };
		92E52A601F68CC2D00DF0D11 /* Base */ = {isa = PBXFileReference; lastKnownFileType = file.storyboard; name = Base; path = Base.lproj/Main.storyboard; sourceTree = "<group>"; };
		92E52A621F68CC2D00DF0D11 /* Assets.xcassets */ = {isa = PBXFileReference; lastKnownFileType = folder.assetcatalog; path = Assets.xcassets; sourceTree = "<group>"; };
		92E52A651F68CC2D00DF0D11 /* Base */ = {isa = PBXFileReference; lastKnownFileType = file.storyboard; name = Base; path = Base.lproj/LaunchScreen.storyboard; sourceTree = "<group>"; };
		92E52A671F68CC2D00DF0D11 /* Info.plist */ = {isa = PBXFileReference; lastKnownFileType = text.plist.xml; path = Info.plist; sourceTree = "<group>"; };
		92E52A721F68CEC600DF0D11 /* SwiftPhotoBrowser.framework */ = {isa = PBXFileReference; explicitFileType = wrapper.framework; includeInIndex = 0; path = SwiftPhotoBrowser.framework; sourceTree = BUILT_PRODUCTS_DIR; };
		92E52A741F68CEC600DF0D11 /* SwiftPhotoBrowser.h */ = {isa = PBXFileReference; lastKnownFileType = sourcecode.c.h; path = SwiftPhotoBrowser.h; sourceTree = "<group>"; };
		92E52A751F68CEC700DF0D11 /* Info.plist */ = {isa = PBXFileReference; lastKnownFileType = text.plist.xml; path = Info.plist; sourceTree = "<group>"; };
		92E52A7F1F68D93900DF0D11 /* Album.swift */ = {isa = PBXFileReference; fileEncoding = 4; lastKnownFileType = sourcecode.swift; path = Album.swift; sourceTree = "<group>"; };
		92E52A811F68DAFF00DF0D11 /* Photo.swift */ = {isa = PBXFileReference; fileEncoding = 4; lastKnownFileType = sourcecode.swift; path = Photo.swift; sourceTree = "<group>"; };
		E8C6FCC51CB202EACDA7814B /* Pods_SwiftPhotoBrowserDemo.framework */ = {isa = PBXFileReference; explicitFileType = wrapper.framework; includeInIndex = 0; path = Pods_SwiftPhotoBrowserDemo.framework; sourceTree = BUILT_PRODUCTS_DIR; };
		F19C7A1ADF4FB9755133426E /* Pods-SwiftPhotoBrowser.release.xcconfig */ = {isa = PBXFileReference; includeInIndex = 1; lastKnownFileType = text.xcconfig; name = "Pods-SwiftPhotoBrowser.release.xcconfig"; path = "Pods/Target Support Files/Pods-SwiftPhotoBrowser/Pods-SwiftPhotoBrowser.release.xcconfig"; sourceTree = "<group>"; };
/* End PBXFileReference section */

/* Begin PBXFrameworksBuildPhase section */
		92E52A551F68CC2D00DF0D11 /* Frameworks */ = {
			isa = PBXFrameworksBuildPhase;
			buildActionMask = 2147483647;
			files = (
				92E52A791F68CEC700DF0D11 /* SwiftPhotoBrowser.framework in Frameworks */,
			);
			runOnlyForDeploymentPostprocessing = 0;
		};
		92E52A6E1F68CEC600DF0D11 /* Frameworks */ = {
			isa = PBXFrameworksBuildPhase;
			buildActionMask = 2147483647;
			files = (
				9219DF051F69021900C8F946 /* UIKit.framework in Frameworks */,
				F78C014588210F78C7B0415A /* Pods_SwiftPhotoBrowser.framework in Frameworks */,
			);
			runOnlyForDeploymentPostprocessing = 0;
		};
/* End PBXFrameworksBuildPhase section */

/* Begin PBXGroup section */
		6FDF6D34CB957CAC9F9AEE13 /* Pods */ = {
			isa = PBXGroup;
			children = (
				10EAA0002F27C6D76091E9A0 /* Pods-SwiftPhotoBrowser.debug.xcconfig */,
				F19C7A1ADF4FB9755133426E /* Pods-SwiftPhotoBrowser.release.xcconfig */,
			);
			name = Pods;
			sourceTree = "<group>";
		};
		92E52A4F1F68CC2D00DF0D11 = {
			isa = PBXGroup;
			children = (
				92E52A5A1F68CC2D00DF0D11 /* SwiftPhotoBrowserDemo */,
				92E52A731F68CEC600DF0D11 /* SwiftPhotoBrowser */,
				92E52A591F68CC2D00DF0D11 /* Products */,
				6FDF6D34CB957CAC9F9AEE13 /* Pods */,
				FFBC46B05040BA67A76D0C2A /* Frameworks */,
			);
			sourceTree = "<group>";
		};
		92E52A591F68CC2D00DF0D11 /* Products */ = {
			isa = PBXGroup;
			children = (
				92E52A581F68CC2D00DF0D11 /* SwiftPhotoBrowserDemo.app */,
				92E52A721F68CEC600DF0D11 /* SwiftPhotoBrowser.framework */,
			);
			name = Products;
			sourceTree = "<group>";
		};
		92E52A5A1F68CC2D00DF0D11 /* SwiftPhotoBrowserDemo */ = {
			isa = PBXGroup;
			children = (
				92E52A5B1F68CC2D00DF0D11 /* AppDelegate.swift */,
				92E52A5D1F68CC2D00DF0D11 /* ViewController.swift */,
				92E52A5F1F68CC2D00DF0D11 /* Main.storyboard */,
				92E52A621F68CC2D00DF0D11 /* Assets.xcassets */,
				92E52A641F68CC2D00DF0D11 /* LaunchScreen.storyboard */,
				92E52A671F68CC2D00DF0D11 /* Info.plist */,
			);
			path = SwiftPhotoBrowserDemo;
			sourceTree = "<group>";
		};
		92E52A731F68CEC600DF0D11 /* SwiftPhotoBrowser */ = {
			isa = PBXGroup;
			children = (
				92E52A741F68CEC600DF0D11 /* SwiftPhotoBrowser.h */,
				92E52A7F1F68D93900DF0D11 /* Album.swift */,
				9219DF021F68F5A100C8F946 /* PhotoManager.swift */,
				92E52A811F68DAFF00DF0D11 /* Photo.swift */,
				92E52A751F68CEC700DF0D11 /* Info.plist */,
			);
			path = SwiftPhotoBrowser;
			sourceTree = "<group>";
		};
		FFBC46B05040BA67A76D0C2A /* Frameworks */ = {
			isa = PBXGroup;
			children = (
				9219DF041F69021900C8F946 /* UIKit.framework */,
				1BA164D843674D6CFBF2A504 /* Pods_SwiftPhotoBrowser.framework */,
				E8C6FCC51CB202EACDA7814B /* Pods_SwiftPhotoBrowserDemo.framework */,
			);
			name = Frameworks;
			sourceTree = "<group>";
		};
/* End PBXGroup section */

/* Begin PBXHeadersBuildPhase section */
		92E52A6F1F68CEC600DF0D11 /* Headers */ = {
			isa = PBXHeadersBuildPhase;
			buildActionMask = 2147483647;
			files = (
				92E52A761F68CEC700DF0D11 /* SwiftPhotoBrowser.h in Headers */,
			);
			runOnlyForDeploymentPostprocessing = 0;
		};
/* End PBXHeadersBuildPhase section */

/* Begin PBXNativeTarget section */
		92E52A571F68CC2D00DF0D11 /* SwiftPhotoBrowserDemo */ = {
			isa = PBXNativeTarget;
			buildConfigurationList = 92E52A6A1F68CC2D00DF0D11 /* Build configuration list for PBXNativeTarget "SwiftPhotoBrowserDemo" */;
			buildPhases = (
				92E52A541F68CC2D00DF0D11 /* Sources */,
				92E52A551F68CC2D00DF0D11 /* Frameworks */,
				92E52A561F68CC2D00DF0D11 /* Resources */,
				92E52A7E1F68CEC700DF0D11 /* Embed Frameworks */,
				9219DF061F691FD400C8F946 /* CopyFiles */,
			);
			buildRules = (
			);
			dependencies = (
				92E52A781F68CEC700DF0D11 /* PBXTargetDependency */,
			);
			name = SwiftPhotoBrowserDemo;
			productName = SwiftPhotoBrowserDemo;
			productReference = 92E52A581F68CC2D00DF0D11 /* SwiftPhotoBrowserDemo.app */;
			productType = "com.apple.product-type.application";
		};
		92E52A711F68CEC600DF0D11 /* SwiftPhotoBrowser */ = {
			isa = PBXNativeTarget;
			buildConfigurationList = 92E52A7D1F68CEC700DF0D11 /* Build configuration list for PBXNativeTarget "SwiftPhotoBrowser" */;
			buildPhases = (
				AB812862EAC2440F72AC1466 /* [CP] Check Pods Manifest.lock */,
				92E52A6D1F68CEC600DF0D11 /* Sources */,
				92E52A6E1F68CEC600DF0D11 /* Frameworks */,
				92E52A6F1F68CEC600DF0D11 /* Headers */,
				92E52A701F68CEC600DF0D11 /* Resources */,
				9BA07FBBD59F3AAA6A9B6813 /* [CP] Copy Pods Resources */,
			);
			buildRules = (
			);
			dependencies = (
			);
			name = SwiftPhotoBrowser;
			productName = SwiftPhotoBrowser;
			productReference = 92E52A721F68CEC600DF0D11 /* SwiftPhotoBrowser.framework */;
			productType = "com.apple.product-type.framework";
		};
/* End PBXNativeTarget section */

/* Begin PBXProject section */
		92E52A501F68CC2D00DF0D11 /* Project object */ = {
			isa = PBXProject;
			attributes = {
				LastSwiftUpdateCheck = 0830;
				LastUpgradeCheck = 0830;
				ORGANIZATIONNAME = tm;
				TargetAttributes = {
					92E52A571F68CC2D00DF0D11 = {
						CreatedOnToolsVersion = 8.3.3;
						DevelopmentTeam = YUQB2X8V9P;
						ProvisioningStyle = Automatic;
					};
					92E52A711F68CEC600DF0D11 = {
						CreatedOnToolsVersion = 8.3.3;
						DevelopmentTeam = YUQB2X8V9P;
						LastSwiftMigration = 0830;
						ProvisioningStyle = Automatic;
					};
				};
			};
			buildConfigurationList = 92E52A531F68CC2D00DF0D11 /* Build configuration list for PBXProject "SwiftPhotoBrowserDemo" */;
			compatibilityVersion = "Xcode 3.2";
			developmentRegion = English;
			hasScannedForEncodings = 0;
			knownRegions = (
				en,
				Base,
			);
			mainGroup = 92E52A4F1F68CC2D00DF0D11;
			productRefGroup = 92E52A591F68CC2D00DF0D11 /* Products */;
			projectDirPath = "";
			projectRoot = "";
			targets = (
				92E52A571F68CC2D00DF0D11 /* SwiftPhotoBrowserDemo */,
				92E52A711F68CEC600DF0D11 /* SwiftPhotoBrowser */,
			);
		};
/* End PBXProject section */

/* Begin PBXResourcesBuildPhase section */
		92E52A561F68CC2D00DF0D11 /* Resources */ = {
			isa = PBXResourcesBuildPhase;
			buildActionMask = 2147483647;
			files = (
				92E52A661F68CC2D00DF0D11 /* LaunchScreen.storyboard in Resources */,
				92E52A631F68CC2D00DF0D11 /* Assets.xcassets in Resources */,
				92E52A611F68CC2D00DF0D11 /* Main.storyboard in Resources */,
			);
			runOnlyForDeploymentPostprocessing = 0;
		};
		92E52A701F68CEC600DF0D11 /* Resources */ = {
			isa = PBXResourcesBuildPhase;
			buildActionMask = 2147483647;
			files = (
			);
			runOnlyForDeploymentPostprocessing = 0;
		};
/* End PBXResourcesBuildPhase section */

/* Begin PBXShellScriptBuildPhase section */
		9BA07FBBD59F3AAA6A9B6813 /* [CP] Copy Pods Resources */ = {
			isa = PBXShellScriptBuildPhase;
			buildActionMask = 2147483647;
			files = (
			);
			inputPaths = (
			);
			name = "[CP] Copy Pods Resources";
			outputPaths = (
			);
			runOnlyForDeploymentPostprocessing = 0;
			shellPath = /bin/sh;
			shellScript = "\"${SRCROOT}/Pods/Target Support Files/Pods-SwiftPhotoBrowser/Pods-SwiftPhotoBrowser-resources.sh\"\n";
			showEnvVarsInLog = 0;
		};
		AB812862EAC2440F72AC1466 /* [CP] Check Pods Manifest.lock */ = {
			isa = PBXShellScriptBuildPhase;
			buildActionMask = 2147483647;
			files = (
			);
			inputPaths = (
			);
			name = "[CP] Check Pods Manifest.lock";
			outputPaths = (
			);
			runOnlyForDeploymentPostprocessing = 0;
			shellPath = /bin/sh;
			shellScript = "diff \"${PODS_ROOT}/../Podfile.lock\" \"${PODS_ROOT}/Manifest.lock\" > /dev/null\nif [ $? != 0 ] ; then\n    # print error to STDERR\n    echo \"error: The sandbox is not in sync with the Podfile.lock. Run 'pod install' or update your CocoaPods installation.\" >&2\n    exit 1\nfi\n";
			showEnvVarsInLog = 0;
		};
/* End PBXShellScriptBuildPhase section */

/* Begin PBXSourcesBuildPhase section */
		92E52A541F68CC2D00DF0D11 /* Sources */ = {
			isa = PBXSourcesBuildPhase;
			buildActionMask = 2147483647;
			files = (
				92E52A5E1F68CC2D00DF0D11 /* ViewController.swift in Sources */,
				92E52A5C1F68CC2D00DF0D11 /* AppDelegate.swift in Sources */,
			);
			runOnlyForDeploymentPostprocessing = 0;
		};
		92E52A6D1F68CEC600DF0D11 /* Sources */ = {
			isa = PBXSourcesBuildPhase;
			buildActionMask = 2147483647;
			files = (
				9219DF031F68F5A100C8F946 /* PhotoManager.swift in Sources */,
				92E52A821F68DAFF00DF0D11 /* Photo.swift in Sources */,
				92E52A801F68D93900DF0D11 /* Album.swift in Sources */,
			);
			runOnlyForDeploymentPostprocessing = 0;
		};
/* End PBXSourcesBuildPhase section */

/* Begin PBXTargetDependency section */
		92E52A781F68CEC700DF0D11 /* PBXTargetDependency */ = {
			isa = PBXTargetDependency;
			target = 92E52A711F68CEC600DF0D11 /* SwiftPhotoBrowser */;
			targetProxy = 92E52A771F68CEC700DF0D11 /* PBXContainerItemProxy */;
		};
/* End PBXTargetDependency section */

/* Begin PBXVariantGroup section */
		92E52A5F1F68CC2D00DF0D11 /* Main.storyboard */ = {
			isa = PBXVariantGroup;
			children = (
				92E52A601F68CC2D00DF0D11 /* Base */,
			);
			name = Main.storyboard;
			sourceTree = "<group>";
		};
		92E52A641F68CC2D00DF0D11 /* LaunchScreen.storyboard */ = {
			isa = PBXVariantGroup;
			children = (
				92E52A651F68CC2D00DF0D11 /* Base */,
			);
			name = LaunchScreen.storyboard;
			sourceTree = "<group>";
		};
/* End PBXVariantGroup section */

/* Begin XCBuildConfiguration section */
		92E52A681F68CC2D00DF0D11 /* Debug */ = {
			isa = XCBuildConfiguration;
			buildSettings = {
				ALWAYS_SEARCH_USER_PATHS = NO;
				CLANG_ANALYZER_NONNULL = YES;
				CLANG_ANALYZER_NUMBER_OBJECT_CONVERSION = YES_AGGRESSIVE;
				CLANG_CXX_LANGUAGE_STANDARD = "gnu++0x";
				CLANG_CXX_LIBRARY = "libc++";
				CLANG_ENABLE_MODULES = YES;
				CLANG_ENABLE_OBJC_ARC = YES;
				CLANG_WARN_BOOL_CONVERSION = YES;
				CLANG_WARN_CONSTANT_CONVERSION = YES;
				CLANG_WARN_DIRECT_OBJC_ISA_USAGE = YES_ERROR;
				CLANG_WARN_DOCUMENTATION_COMMENTS = YES;
				CLANG_WARN_EMPTY_BODY = YES;
				CLANG_WARN_ENUM_CONVERSION = YES;
				CLANG_WARN_INFINITE_RECURSION = YES;
				CLANG_WARN_INT_CONVERSION = YES;
				CLANG_WARN_OBJC_ROOT_CLASS = YES_ERROR;
				CLANG_WARN_SUSPICIOUS_MOVE = YES;
				CLANG_WARN_UNREACHABLE_CODE = YES;
				CLANG_WARN__DUPLICATE_METHOD_MATCH = YES;
				"CODE_SIGN_IDENTITY[sdk=iphoneos*]" = "iPhone Developer";
				COPY_PHASE_STRIP = NO;
				DEBUG_INFORMATION_FORMAT = dwarf;
				ENABLE_STRICT_OBJC_MSGSEND = YES;
				ENABLE_TESTABILITY = YES;
				GCC_C_LANGUAGE_STANDARD = gnu99;
				GCC_DYNAMIC_NO_PIC = NO;
				GCC_NO_COMMON_BLOCKS = YES;
				GCC_OPTIMIZATION_LEVEL = 0;
				GCC_PREPROCESSOR_DEFINITIONS = (
					"DEBUG=1",
					"$(inherited)",
				);
				GCC_WARN_64_TO_32_BIT_CONVERSION = YES;
				GCC_WARN_ABOUT_RETURN_TYPE = YES_ERROR;
				GCC_WARN_UNDECLARED_SELECTOR = YES;
				GCC_WARN_UNINITIALIZED_AUTOS = YES_AGGRESSIVE;
				GCC_WARN_UNUSED_FUNCTION = YES;
				GCC_WARN_UNUSED_VARIABLE = YES;
				IPHONEOS_DEPLOYMENT_TARGET = 10.3;
				MTL_ENABLE_DEBUG_INFO = YES;
				ONLY_ACTIVE_ARCH = YES;
				SDKROOT = iphoneos;
				SWIFT_ACTIVE_COMPILATION_CONDITIONS = DEBUG;
				SWIFT_OPTIMIZATION_LEVEL = "-Onone";
				TARGETED_DEVICE_FAMILY = "1,2";
			};
			name = Debug;
		};
		92E52A691F68CC2D00DF0D11 /* Release */ = {
			isa = XCBuildConfiguration;
			buildSettings = {
				ALWAYS_SEARCH_USER_PATHS = NO;
				CLANG_ANALYZER_NONNULL = YES;
				CLANG_ANALYZER_NUMBER_OBJECT_CONVERSION = YES_AGGRESSIVE;
				CLANG_CXX_LANGUAGE_STANDARD = "gnu++0x";
				CLANG_CXX_LIBRARY = "libc++";
				CLANG_ENABLE_MODULES = YES;
				CLANG_ENABLE_OBJC_ARC = YES;
				CLANG_WARN_BOOL_CONVERSION = YES;
				CLANG_WARN_CONSTANT_CONVERSION = YES;
				CLANG_WARN_DIRECT_OBJC_ISA_USAGE = YES_ERROR;
				CLANG_WARN_DOCUMENTATION_COMMENTS = YES;
				CLANG_WARN_EMPTY_BODY = YES;
				CLANG_WARN_ENUM_CONVERSION = YES;
				CLANG_WARN_INFINITE_RECURSION = YES;
				CLANG_WARN_INT_CONVERSION = YES;
				CLANG_WARN_OBJC_ROOT_CLASS = YES_ERROR;
				CLANG_WARN_SUSPICIOUS_MOVE = YES;
				CLANG_WARN_UNREACHABLE_CODE = YES;
				CLANG_WARN__DUPLICATE_METHOD_MATCH = YES;
				"CODE_SIGN_IDENTITY[sdk=iphoneos*]" = "iPhone Developer";
				COPY_PHASE_STRIP = NO;
				DEBUG_INFORMATION_FORMAT = "dwarf-with-dsym";
				ENABLE_NS_ASSERTIONS = NO;
				ENABLE_STRICT_OBJC_MSGSEND = YES;
				GCC_C_LANGUAGE_STANDARD = gnu99;
				GCC_NO_COMMON_BLOCKS = YES;
				GCC_WARN_64_TO_32_BIT_CONVERSION = YES;
				GCC_WARN_ABOUT_RETURN_TYPE = YES_ERROR;
				GCC_WARN_UNDECLARED_SELECTOR = YES;
				GCC_WARN_UNINITIALIZED_AUTOS = YES_AGGRESSIVE;
				GCC_WARN_UNUSED_FUNCTION = YES;
				GCC_WARN_UNUSED_VARIABLE = YES;
				IPHONEOS_DEPLOYMENT_TARGET = 10.3;
				MTL_ENABLE_DEBUG_INFO = NO;
				SDKROOT = iphoneos;
				SWIFT_OPTIMIZATION_LEVEL = "-Owholemodule";
				TARGETED_DEVICE_FAMILY = "1,2";
				VALIDATE_PRODUCT = YES;
			};
			name = Release;
		};
		92E52A6B1F68CC2D00DF0D11 /* Debug */ = {
			isa = XCBuildConfiguration;
			buildSettings = {
				ALWAYS_EMBED_SWIFT_STANDARD_LIBRARIES = YES;
				ASSETCATALOG_COMPILER_APPICON_NAME = AppIcon;
				DEVELOPMENT_TEAM = YUQB2X8V9P;
				FRAMEWORK_SEARCH_PATHS = (
					"$(inherited)",
					"$(SRCROOT)/SwiftPhotoBrowser",
				);
				INFOPLIST_FILE = SwiftPhotoBrowserDemo/Info.plist;
				LD_RUNPATH_SEARCH_PATHS = "$(inherited) @executable_path/Frameworks";
				PRODUCT_BUNDLE_IDENTIFIER = com.touchmedia.SwiftPhotoBrowserDemo;
				PRODUCT_NAME = "$(TARGET_NAME)";
				SWIFT_VERSION = 3.0;
			};
			name = Debug;
		};
		92E52A6C1F68CC2D00DF0D11 /* Release */ = {
			isa = XCBuildConfiguration;
			buildSettings = {
				ALWAYS_EMBED_SWIFT_STANDARD_LIBRARIES = YES;
				ASSETCATALOG_COMPILER_APPICON_NAME = AppIcon;
				DEVELOPMENT_TEAM = YUQB2X8V9P;
				FRAMEWORK_SEARCH_PATHS = (
					"$(inherited)",
					"$(SRCROOT)/SwiftPhotoBrowser",
				);
				INFOPLIST_FILE = SwiftPhotoBrowserDemo/Info.plist;
				LD_RUNPATH_SEARCH_PATHS = "$(inherited) @executable_path/Frameworks";
				PRODUCT_BUNDLE_IDENTIFIER = com.touchmedia.SwiftPhotoBrowserDemo;
				PRODUCT_NAME = "$(TARGET_NAME)";
				SWIFT_VERSION = 3.0;
			};
			name = Release;
		};
		92E52A7B1F68CEC700DF0D11 /* Debug */ = {
			isa = XCBuildConfiguration;
			baseConfigurationReference = 10EAA0002F27C6D76091E9A0 /* Pods-SwiftPhotoBrowser.debug.xcconfig */;
			buildSettings = {
				CLANG_ENABLE_MODULES = YES;
				CODE_SIGN_IDENTITY = "";
				CURRENT_PROJECT_VERSION = 1;
				DEAD_CODE_STRIPPING = NO;
				DEFINES_MODULE = YES;
				DEVELOPMENT_TEAM = YUQB2X8V9P;
				DYLIB_COMPATIBILITY_VERSION = 1;
				DYLIB_CURRENT_VERSION = 1;
				DYLIB_INSTALL_NAME_BASE = "@rpath";
				INFOPLIST_FILE = SwiftPhotoBrowser/Info.plist;
				INSTALL_PATH = "$(LOCAL_LIBRARY_DIR)/Frameworks";
				LD_RUNPATH_SEARCH_PATHS = "$(inherited) @executable_path/Frameworks @loader_path/Frameworks";
				LINK_WITH_STANDARD_LIBRARIES = YES;
				MACH_O_TYPE = mh_dylib;
				PRODUCT_BUNDLE_IDENTIFIER = com.touchmedia.SwiftPhotoBrowser;
				PRODUCT_NAME = "$(TARGET_NAME)";
				SKIP_INSTALL = YES;
				SWIFT_OPTIMIZATION_LEVEL = "-Onone";
				SWIFT_VERSION = 3.0;
				VERSIONING_SYSTEM = "apple-generic";
				VERSION_INFO_PREFIX = "";
			};
			name = Debug;
		};
		92E52A7C1F68CEC700DF0D11 /* Release */ = {
			isa = XCBuildConfiguration;
			baseConfigurationReference = F19C7A1ADF4FB9755133426E /* Pods-SwiftPhotoBrowser.release.xcconfig */;
			buildSettings = {
				CLANG_ENABLE_MODULES = YES;
				CODE_SIGN_IDENTITY = "";
				CURRENT_PROJECT_VERSION = 1;
				DEAD_CODE_STRIPPING = NO;
				DEFINES_MODULE = YES;
				DEVELOPMENT_TEAM = YUQB2X8V9P;
				DYLIB_COMPATIBILITY_VERSION = 1;
				DYLIB_CURRENT_VERSION = 1;
				DYLIB_INSTALL_NAME_BASE = "@rpath";
				INFOPLIST_FILE = SwiftPhotoBrowser/Info.plist;
				INSTALL_PATH = "$(LOCAL_LIBRARY_DIR)/Frameworks";
				LD_RUNPATH_SEARCH_PATHS = "$(inherited) @executable_path/Frameworks @loader_path/Frameworks";
				LINK_WITH_STANDARD_LIBRARIES = YES;
				MACH_O_TYPE = mh_dylib;
				PRODUCT_BUNDLE_IDENTIFIER = com.touchmedia.SwiftPhotoBrowser;
				PRODUCT_NAME = "$(TARGET_NAME)";
				SKIP_INSTALL = YES;
				SWIFT_VERSION = 3.0;
				VERSIONING_SYSTEM = "apple-generic";
				VERSION_INFO_PREFIX = "";
			};
			name = Release;
		};
/* End XCBuildConfiguration section */

/* Begin XCConfigurationList section */
		92E52A531F68CC2D00DF0D11 /* Build configuration list for PBXProject "SwiftPhotoBrowserDemo" */ = {
			isa = XCConfigurationList;
			buildConfigurations = (
				92E52A681F68CC2D00DF0D11 /* Debug */,
				92E52A691F68CC2D00DF0D11 /* Release */,
			);
			defaultConfigurationIsVisible = 0;
			defaultConfigurationName = Release;
		};
		92E52A6A1F68CC2D00DF0D11 /* Build configuration list for PBXNativeTarget "SwiftPhotoBrowserDemo" */ = {
			isa = XCConfigurationList;
			buildConfigurations = (
				92E52A6B1F68CC2D00DF0D11 /* Debug */,
				92E52A6C1F68CC2D00DF0D11 /* Release */,
			);
			defaultConfigurationIsVisible = 0;
			defaultConfigurationName = Release;
		};
		92E52A7D1F68CEC700DF0D11 /* Build configuration list for PBXNativeTarget "SwiftPhotoBrowser" */ = {
			isa = XCConfigurationList;
			buildConfigurations = (
				92E52A7B1F68CEC700DF0D11 /* Debug */,
				92E52A7C1F68CEC700DF0D11 /* Release */,
			);
			defaultConfigurationIsVisible = 0;
			defaultConfigurationName = Release;
		};
/* End XCConfigurationList section */
	};
	rootObject = 92E52A501F68CC2D00DF0D11 /* Project object */;
}
